// !$*UTF8*$!
{
	archiveVersion = 1;
	classes = {
	};
	objectVersion = 77;
	objects = {

/* Begin PBXBuildFile section */
		A40000000000000000000001 /* SwiftTreeSitter in Frameworks */ = {isa = PBXBuildFile; productRef = A30000000000000000000001 /* SwiftTreeSitter */; };
		A40000000000000000000002 /* TreeSitterBash in Frameworks */ = {isa = PBXBuildFile; productRef = A30000000000000000000002 /* TreeSitterBash */; };
		A40000000000000000000003 /* TreeSitterJSON in Frameworks */ = {isa = PBXBuildFile; productRef = A30000000000000000000003 /* TreeSitterJSON */; };
		A40000000000000000000004 /* TreeSitterPython in Frameworks */ = {isa = PBXBuildFile; productRef = A30000000000000000000004 /* TreeSitterPython */; };
		A40000000000000000000005 /* TreeSitterJavaScript in Frameworks */ = {isa = PBXBuildFile; productRef = A30000000000000000000005 /* TreeSitterJavaScript */; };
		A40000000000000000000006 /* TreeSitterTypeScript in Frameworks */ = {isa = PBXBuildFile; productRef = A30000000000000000000006 /* TreeSitterTypeScript */; };
		A40000000000000000000007 /* TreeSitterC in Frameworks */ = {isa = PBXBuildFile; productRef = A30000000000000000000007 /* TreeSitterC */; };
		A40000000000000000000008 /* TreeSitterCPP in Frameworks */ = {isa = PBXBuildFile; productRef = A30000000000000000000008 /* TreeSitterCPP */; };
		A40000000000000000000009 /* TreeSitterCSharp in Frameworks */ = {isa = PBXBuildFile; productRef = A30000000000000000000009 /* TreeSitterCSharp */; };
		A4000000000000000000000A /* TreeSitterCSS in Frameworks */ = {isa = PBXBuildFile; productRef = A3000000000000000000000A /* TreeSitterCSS */; };
		A4000000000000000000000B /* TreeSitterHTML in Frameworks */ = {isa = PBXBuildFile; productRef = A3000000000000000000000B /* TreeSitterHTML */; };
		A4000000000000000000000C /* TreeSitterXML in Frameworks */ = {isa = PBXBuildFile; productRef = A3000000000000000000000C /* TreeSitterXML */; };
		A4000000000000000000000D /* TreeSitterGo in Frameworks */ = {isa = PBXBuildFile; productRef = A3000000000000000000000D /* TreeSitterGo */; };
		A4000000000000000000000E /* TreeSitterRegex in Frameworks */ = {isa = PBXBuildFile; productRef = A3000000000000000000000E /* TreeSitterRegex */; };
		A4000000000000000000000F /* TreeSitterRuby in Frameworks */ = {isa = PBXBuildFile; productRef = A3000000000000000000000F /* TreeSitterRuby */; };
		A40000000000000000000010 /* TreeSitterRust in Frameworks */ = {isa = PBXBuildFile; productRef = A30000000000000000000010 /* TreeSitterRust */; };
		A40000000000000000000011 /* TreeSitterSwift in Frameworks */ = {isa = PBXBuildFile; productRef = A30000000000000000000011 /* TreeSitterSwift */; };
		DDF3C6112F6E50000040640B /* Quick Markdown Viewer QuickLook.appex in Embed App Extensions */ = {isa = PBXBuildFile; fileRef = DDF3C6102F6E50000040640B /* Quick Markdown Viewer QuickLook.appex */; platformFilters = (macos, ); settings = {ATTRIBUTES = (RemoveHeadersOnCopy, ); }; };
/* End PBXBuildFile section */

/* Begin PBXContainerItemProxy section */
		DDF3C6122F6E50000040640B /* PBXContainerItemProxy */ = {
			isa = PBXContainerItemProxy;
			containerPortal = DDF3C5DC2F6D23CD0040640B /* Project object */;
			proxyType = 1;
			remoteGlobalIDString = DDF3C61A2F6E50000040640B;
			remoteInfo = "Quick Markdown Viewer QuickLook";
		};
		DDF3C5F22F6D23CF0040640B /* PBXContainerItemProxy */ = {
			isa = PBXContainerItemProxy;
			containerPortal = DDF3C5DC2F6D23CD0040640B /* Project object */;
			proxyType = 1;
			remoteGlobalIDString = DDF3C5E32F6D23CD0040640B;
			remoteInfo = "Quick Markdown Viewer";
		};
		DDF3C5FC2F6D23CF0040640B /* PBXContainerItemProxy */ = {
			isa = PBXContainerItemProxy;
			containerPortal = DDF3C5DC2F6D23CD0040640B /* Project object */;
			proxyType = 1;
			remoteGlobalIDString = DDF3C5E32F6D23CD0040640B;
			remoteInfo = "Quick Markdown Viewer";
		};
/* End PBXContainerItemProxy section */

/* Begin PBXFileReference section */
		DDF3C5E42F6D23CD0040640B /* Quick Markdown Viewer.app */ = {isa = PBXFileReference; explicitFileType = wrapper.application; includeInIndex = 0; path = "Quick Markdown Viewer.app"; sourceTree = BUILT_PRODUCTS_DIR; };
		DDF3C5F12F6D23CF0040640B /* Quick Markdown ViewerTests.xctest */ = {isa = PBXFileReference; explicitFileType = wrapper.cfbundle; includeInIndex = 0; path = "Quick Markdown ViewerTests.xctest"; sourceTree = BUILT_PRODUCTS_DIR; };
		DDF3C5FB2F6D23CF0040640B /* Quick Markdown ViewerUITests.xctest */ = {isa = PBXFileReference; explicitFileType = wrapper.cfbundle; includeInIndex = 0; path = "Quick Markdown ViewerUITests.xctest"; sourceTree = BUILT_PRODUCTS_DIR; };
		DDF3C6102F6E50000040640B /* Quick Markdown Viewer QuickLook.appex */ = {isa = PBXFileReference; explicitFileType = "wrapper.app-extension"; includeInIndex = 0; path = "Quick Markdown Viewer QuickLook.appex"; sourceTree = BUILT_PRODUCTS_DIR; };
/* End PBXFileReference section */

/* Begin PBXFileSystemSynchronizedRootGroup section */
		DDF3C6132F6E50000040640B /* Quick Markdown Viewer QuickLook */ = {
			isa = PBXFileSystemSynchronizedRootGroup;
			path = "Quick Markdown Viewer QuickLook";
			sourceTree = "<group>";
		};
		DDF3C5E62F6D23CD0040640B /* Quick Markdown Viewer */ = {
			isa = PBXFileSystemSynchronizedRootGroup;
			path = "Quick Markdown Viewer";
			sourceTree = "<group>";
		};
		DDF3C5F42F6D23CF0040640B /* Quick Markdown ViewerTests */ = {
			isa = PBXFileSystemSynchronizedRootGroup;
			path = "Quick Markdown ViewerTests";
			sourceTree = "<group>";
		};
		DDF3C5FE2F6D23CF0040640B /* Quick Markdown ViewerUITests */ = {
			isa = PBXFileSystemSynchronizedRootGroup;
			path = "Quick Markdown ViewerUITests";
			sourceTree = "<group>";
		};
/* End PBXFileSystemSynchronizedRootGroup section */

/* Begin PBXCopyFilesBuildPhase section */
		DDF3C6172F6E50000040640B /* Embed App Extensions */ = {
			isa = PBXCopyFilesBuildPhase;
			buildActionMask = 2147483647;
			dstPath = "";
			dstSubfolderSpec = 13;
			files = (
				DDF3C6112F6E50000040640B /* Quick Markdown Viewer QuickLook.appex in Embed App Extensions */,
			);
			name = "Embed App Extensions";
			runOnlyForDeploymentPostprocessing = 0;
		};
/* End PBXCopyFilesBuildPhase section */

/* Begin PBXFrameworksBuildPhase section */
		DDF3C6142F6E50000040640B /* Frameworks */ = {
			isa = PBXFrameworksBuildPhase;
			buildActionMask = 2147483647;
			files = (
			);
			runOnlyForDeploymentPostprocessing = 0;
		};
		DDF3C5E12F6D23CD0040640B /* Frameworks */ = {
			isa = PBXFrameworksBuildPhase;
			buildActionMask = 2147483647;
			files = (
				A40000000000000000000001 /* SwiftTreeSitter in Frameworks */,
				A40000000000000000000002 /* TreeSitterBash in Frameworks */,
				A40000000000000000000003 /* TreeSitterJSON in Frameworks */,
				A40000000000000000000004 /* TreeSitterPython in Frameworks */,
				A40000000000000000000005 /* TreeSitterJavaScript in Frameworks */,
				A40000000000000000000006 /* TreeSitterTypeScript in Frameworks */,
				A40000000000000000000007 /* TreeSitterC in Frameworks */,
				A40000000000000000000008 /* TreeSitterCPP in Frameworks */,
				A40000000000000000000009 /* TreeSitterCSharp in Frameworks */,
				A4000000000000000000000A /* TreeSitterCSS in Frameworks */,
				A4000000000000000000000B /* TreeSitterHTML in Frameworks */,
				A4000000000000000000000C /* TreeSitterXML in Frameworks */,
				A4000000000000000000000D /* TreeSitterGo in Frameworks */,
				A4000000000000000000000E /* TreeSitterRegex in Frameworks */,
				A4000000000000000000000F /* TreeSitterRuby in Frameworks */,
				A40000000000000000000010 /* TreeSitterRust in Frameworks */,
				A40000000000000000000011 /* TreeSitterSwift in Frameworks */,
			);
			runOnlyForDeploymentPostprocessing = 0;
		};
		DDF3C5EE2F6D23CF0040640B /* Frameworks */ = {
			isa = PBXFrameworksBuildPhase;
			buildActionMask = 2147483647;
			files = (
			);
			runOnlyForDeploymentPostprocessing = 0;
		};
		DDF3C5F82F6D23CF0040640B /* Frameworks */ = {
			isa = PBXFrameworksBuildPhase;
			buildActionMask = 2147483647;
			files = (
			);
			runOnlyForDeploymentPostprocessing = 0;
		};
/* End PBXFrameworksBuildPhase section */

/* Begin PBXGroup section */
		DDF3C5DB2F6D23CD0040640B = {
			isa = PBXGroup;
			children = (
				DDF3C5E62F6D23CD0040640B /* Quick Markdown Viewer */,
				DDF3C6132F6E50000040640B /* Quick Markdown Viewer QuickLook */,
				DDF3C5F42F6D23CF0040640B /* Quick Markdown ViewerTests */,
				DDF3C5FE2F6D23CF0040640B /* Quick Markdown ViewerUITests */,
				DDF3C5E52F6D23CD0040640B /* Products */,
			);
			sourceTree = "<group>";
		};
		DDF3C5E52F6D23CD0040640B /* Products */ = {
			isa = PBXGroup;
			children = (
				DDF3C5E42F6D23CD0040640B /* Quick Markdown Viewer.app */,
				DDF3C6102F6E50000040640B /* Quick Markdown Viewer QuickLook.appex */,
				DDF3C5F12F6D23CF0040640B /* Quick Markdown ViewerTests.xctest */,
				DDF3C5FB2F6D23CF0040640B /* Quick Markdown ViewerUITests.xctest */,
			);
			name = Products;
			sourceTree = "<group>";
		};
/* End PBXGroup section */

/* Begin PBXNativeTarget section */
		DDF3C5E32F6D23CD0040640B /* Quick Markdown Viewer */ = {
			isa = PBXNativeTarget;
			buildConfigurationList = DDF3C6052F6D23CF0040640B /* Build configuration list for PBXNativeTarget "Quick Markdown Viewer" */;
			buildPhases = (
				DDF3C5E02F6D23CD0040640B /* Sources */,
				DDF3C5E12F6D23CD0040640B /* Frameworks */,
				DDF3C5E22F6D23CD0040640B /* Resources */,
				DDF3C6172F6E50000040640B /* Embed App Extensions */,
			);
			buildRules = (
			);
			dependencies = (
				DDF3C6182F6E50000040640B /* PBXTargetDependency */,
			);
			fileSystemSynchronizedGroups = (
				DDF3C5E62F6D23CD0040640B /* Quick Markdown Viewer */,
			);
			name = "Quick Markdown Viewer";
			packageProductDependencies = (
				A30000000000000000000001 /* SwiftTreeSitter */,
				A30000000000000000000002 /* TreeSitterBash */,
				A30000000000000000000003 /* TreeSitterJSON */,
				A30000000000000000000004 /* TreeSitterPython */,
				A30000000000000000000005 /* TreeSitterJavaScript */,
				A30000000000000000000006 /* TreeSitterTypeScript */,
				A30000000000000000000007 /* TreeSitterC */,
				A30000000000000000000008 /* TreeSitterCPP */,
				A30000000000000000000009 /* TreeSitterCSharp */,
				A3000000000000000000000A /* TreeSitterCSS */,
				A3000000000000000000000B /* TreeSitterHTML */,
				A3000000000000000000000C /* TreeSitterXML */,
				A3000000000000000000000D /* TreeSitterGo */,
				A3000000000000000000000E /* TreeSitterRegex */,
				A3000000000000000000000F /* TreeSitterRuby */,
				A30000000000000000000010 /* TreeSitterRust */,
				A30000000000000000000011 /* TreeSitterSwift */,
			);
			productName = "Quick Markdown Viewer";
			productReference = DDF3C5E42F6D23CD0040640B /* Quick Markdown Viewer.app */;
			productType = "com.apple.product-type.application";
		};
		DDF3C61A2F6E50000040640B /* Quick Markdown Viewer QuickLook */ = {
			isa = PBXNativeTarget;
			buildConfigurationList = DDF3C61F2F6E50000040640B /* Build configuration list for PBXNativeTarget "Quick Markdown Viewer QuickLook" */;
			buildPhases = (
				DDF3C6162F6E50000040640B /* Sources */,
				DDF3C6142F6E50000040640B /* Frameworks */,
				DDF3C6152F6E50000040640B /* Resources */,
			);
			buildRules = (
			);
			dependencies = (
			);
			fileSystemSynchronizedGroups = (
				DDF3C6132F6E50000040640B /* Quick Markdown Viewer QuickLook */,
			);
			name = "Quick Markdown Viewer QuickLook";
			packageProductDependencies = (
			);
			productName = "Quick Markdown Viewer QuickLook";
			productReference = DDF3C6102F6E50000040640B /* Quick Markdown Viewer QuickLook.appex */;
			productType = "com.apple.product-type.app-extension";
		};
		DDF3C5F02F6D23CF0040640B /* Quick Markdown ViewerTests */ = {
			isa = PBXNativeTarget;
			buildConfigurationList = DDF3C6082F6D23CF0040640B /* Build configuration list for PBXNativeTarget "Quick Markdown ViewerTests" */;
			buildPhases = (
				DDF3C5ED2F6D23CF0040640B /* Sources */,
				DDF3C5EE2F6D23CF0040640B /* Frameworks */,
				DDF3C5EF2F6D23CF0040640B /* Resources */,
			);
			buildRules = (
			);
			dependencies = (
				DDF3C5F32F6D23CF0040640B /* PBXTargetDependency */,
			);
			fileSystemSynchronizedGroups = (
				DDF3C5F42F6D23CF0040640B /* Quick Markdown ViewerTests */,
			);
			name = "Quick Markdown ViewerTests";
			packageProductDependencies = (
			);
			productName = "Quick Markdown ViewerTests";
			productReference = DDF3C5F12F6D23CF0040640B /* Quick Markdown ViewerTests.xctest */;
			productType = "com.apple.product-type.bundle.unit-test";
		};
		DDF3C5FA2F6D23CF0040640B /* Quick Markdown ViewerUITests */ = {
			isa = PBXNativeTarget;
			buildConfigurationList = DDF3C60B2F6D23CF0040640B /* Build configuration list for PBXNativeTarget "Quick Markdown ViewerUITests" */;
			buildPhases = (
				DDF3C5F72F6D23CF0040640B /* Sources */,
				DDF3C5F82F6D23CF0040640B /* Frameworks */,
				DDF3C5F92F6D23CF0040640B /* Resources */,
			);
			buildRules = (
			);
			dependencies = (
				DDF3C5FD2F6D23CF0040640B /* PBXTargetDependency */,
			);
			fileSystemSynchronizedGroups = (
				DDF3C5FE2F6D23CF0040640B /* Quick Markdown ViewerUITests */,
			);
			name = "Quick Markdown ViewerUITests";
			packageProductDependencies = (
			);
			productName = "Quick Markdown ViewerUITests";
			productReference = DDF3C5FB2F6D23CF0040640B /* Quick Markdown ViewerUITests.xctest */;
			productType = "com.apple.product-type.bundle.ui-testing";
		};
/* End PBXNativeTarget section */

/* Begin PBXProject section */
		DDF3C5DC2F6D23CD0040640B /* Project object */ = {
			isa = PBXProject;
			attributes = {
				BuildIndependentTargetsInParallel = 1;
				LastSwiftUpdateCheck = 2630;
				LastUpgradeCheck = 2630;
				TargetAttributes = {
					DDF3C5E32F6D23CD0040640B = {
						CreatedOnToolsVersion = 26.3;
					};
					DDF3C61A2F6E50000040640B = {
						CreatedOnToolsVersion = 26.3;
					};
					DDF3C5F02F6D23CF0040640B = {
						CreatedOnToolsVersion = 26.3;
						TestTargetID = DDF3C5E32F6D23CD0040640B;
					};
					DDF3C5FA2F6D23CF0040640B = {
						CreatedOnToolsVersion = 26.3;
						TestTargetID = DDF3C5E32F6D23CD0040640B;
					};
				};
			};
			buildConfigurationList = DDF3C5DF2F6D23CD0040640B /* Build configuration list for PBXProject "Quick Markdown Viewer" */;
			developmentRegion = en;
			hasScannedForEncodings = 0;
			knownRegions = (
				en,
				Base,
			);
			mainGroup = DDF3C5DB2F6D23CD0040640B;
			minimizedProjectReferenceProxies = 1;
			packageReferences = (
				A20000000000000000000001 /* XCRemoteSwiftPackageReference "swift-tree-sitter" */,
				A20000000000000000000002 /* XCLocalSwiftPackageReference "../Packages/TreeSitterGrammars" */,
			);
			preferredProjectObjectVersion = 77;
			productRefGroup = DDF3C5E52F6D23CD0040640B /* Products */;
			projectDirPath = "";
			projectRoot = "";
			targets = (
				DDF3C5E32F6D23CD0040640B /* Quick Markdown Viewer */,
				DDF3C61A2F6E50000040640B /* Quick Markdown Viewer QuickLook */,
				DDF3C5F02F6D23CF0040640B /* Quick Markdown ViewerTests */,
				DDF3C5FA2F6D23CF0040640B /* Quick Markdown ViewerUITests */,
			);
		};
/* End PBXProject section */

/* Begin PBXResourcesBuildPhase section */
		DDF3C6152F6E50000040640B /* Resources */ = {
			isa = PBXResourcesBuildPhase;
			buildActionMask = 2147483647;
			files = (
			);
			runOnlyForDeploymentPostprocessing = 0;
		};
		DDF3C5E22F6D23CD0040640B /* Resources */ = {
			isa = PBXResourcesBuildPhase;
			buildActionMask = 2147483647;
			files = (
			);
			runOnlyForDeploymentPostprocessing = 0;
		};
		DDF3C5EF2F6D23CF0040640B /* Resources */ = {
			isa = PBXResourcesBuildPhase;
			buildActionMask = 2147483647;
			files = (
			);
			runOnlyForDeploymentPostprocessing = 0;
		};
		DDF3C5F92F6D23CF0040640B /* Resources */ = {
			isa = PBXResourcesBuildPhase;
			buildActionMask = 2147483647;
			files = (
			);
			runOnlyForDeploymentPostprocessing = 0;
		};
/* End PBXResourcesBuildPhase section */

/* Begin PBXSourcesBuildPhase section */
		DDF3C6162F6E50000040640B /* Sources */ = {
			isa = PBXSourcesBuildPhase;
			buildActionMask = 2147483647;
			files = (
			);
			runOnlyForDeploymentPostprocessing = 0;
		};
		DDF3C5E02F6D23CD0040640B /* Sources */ = {
			isa = PBXSourcesBuildPhase;
			buildActionMask = 2147483647;
			files = (
			);
			runOnlyForDeploymentPostprocessing = 0;
		};
		DDF3C5ED2F6D23CF0040640B /* Sources */ = {
			isa = PBXSourcesBuildPhase;
			buildActionMask = 2147483647;
			files = (
			);
			runOnlyForDeploymentPostprocessing = 0;
		};
		DDF3C5F72F6D23CF0040640B /* Sources */ = {
			isa = PBXSourcesBuildPhase;
			buildActionMask = 2147483647;
			files = (
			);
			runOnlyForDeploymentPostprocessing = 0;
		};
/* End PBXSourcesBuildPhase section */

/* Begin PBXTargetDependency section */
		DDF3C6182F6E50000040640B /* PBXTargetDependency */ = {
			isa = PBXTargetDependency;
			platformFilters = (
				macos,
			);
			target = DDF3C61A2F6E50000040640B /* Quick Markdown Viewer QuickLook */;
			targetProxy = DDF3C6122F6E50000040640B /* PBXContainerItemProxy */;
		};
		DDF3C5F32F6D23CF0040640B /* PBXTargetDependency */ = {
			isa = PBXTargetDependency;
			target = DDF3C5E32F6D23CD0040640B /* Quick Markdown Viewer */;
			targetProxy = DDF3C5F22F6D23CF0040640B /* PBXContainerItemProxy */;
		};
		DDF3C5FD2F6D23CF0040640B /* PBXTargetDependency */ = {
			isa = PBXTargetDependency;
			target = DDF3C5E32F6D23CD0040640B /* Quick Markdown Viewer */;
			targetProxy = DDF3C5FC2F6D23CF0040640B /* PBXContainerItemProxy */;
		};
/* End PBXTargetDependency section */

/* Begin XCBuildConfiguration section */
		DDF3C6032F6D23CF0040640B /* Debug */ = {
			isa = XCBuildConfiguration;
			buildSettings = {
				ALWAYS_SEARCH_USER_PATHS = NO;
				ASSETCATALOG_COMPILER_GENERATE_SWIFT_ASSET_SYMBOL_EXTENSIONS = YES;
				CLANG_ANALYZER_NONNULL = YES;
				CLANG_ANALYZER_NUMBER_OBJECT_CONVERSION = YES_AGGRESSIVE;
				CLANG_CXX_LANGUAGE_STANDARD = "gnu++20";
				CLANG_ENABLE_MODULES = YES;
				CLANG_ENABLE_OBJC_ARC = YES;
				CLANG_ENABLE_OBJC_WEAK = YES;
				CLANG_WARN_BLOCK_CAPTURE_AUTORELEASING = YES;
				CLANG_WARN_BOOL_CONVERSION = YES;
				CLANG_WARN_COMMA = YES;
				CLANG_WARN_CONSTANT_CONVERSION = YES;
				CLANG_WARN_DEPRECATED_OBJC_IMPLEMENTATIONS = YES;
				CLANG_WARN_DIRECT_OBJC_ISA_USAGE = YES_ERROR;
				CLANG_WARN_DOCUMENTATION_COMMENTS = YES;
				CLANG_WARN_EMPTY_BODY = YES;
				CLANG_WARN_ENUM_CONVERSION = YES;
				CLANG_WARN_INFINITE_RECURSION = YES;
				CLANG_WARN_INT_CONVERSION = YES;
				CLANG_WARN_NON_LITERAL_NULL_CONVERSION = YES;
				CLANG_WARN_OBJC_IMPLICIT_RETAIN_SELF = YES;
				CLANG_WARN_OBJC_LITERAL_CONVERSION = YES;
				CLANG_WARN_OBJC_ROOT_CLASS = YES_ERROR;
				CLANG_WARN_QUOTED_INCLUDE_IN_FRAMEWORK_HEADER = YES;
				CLANG_WARN_RANGE_LOOP_ANALYSIS = YES;
				CLANG_WARN_STRICT_PROTOTYPES = YES;
				CLANG_WARN_SUSPICIOUS_MOVE = YES;
				CLANG_WARN_UNGUARDED_AVAILABILITY = YES_AGGRESSIVE;
				CLANG_WARN_UNREACHABLE_CODE = YES;
				CLANG_WARN__DUPLICATE_METHOD_MATCH = YES;
				COPY_PHASE_STRIP = NO;
				DEBUG_INFORMATION_FORMAT = dwarf;
				DEVELOPMENT_TEAM = "";
				ENABLE_STRICT_OBJC_MSGSEND = YES;
				ENABLE_TESTABILITY = YES;
				ENABLE_USER_SCRIPT_SANDBOXING = YES;
				GCC_C_LANGUAGE_STANDARD = gnu17;
				GCC_DYNAMIC_NO_PIC = NO;
				GCC_NO_COMMON_BLOCKS = YES;
				GCC_OPTIMIZATION_LEVEL = 0;
				GCC_PREPROCESSOR_DEFINITIONS = (
					"DEBUG=1",
					"$(inherited)",
				);
				GCC_WARN_64_TO_32_BIT_CONVERSION = YES;
				GCC_WARN_ABOUT_RETURN_TYPE = YES_ERROR;
				GCC_WARN_UNDECLARED_SELECTOR = YES;
				GCC_WARN_UNINITIALIZED_AUTOS = YES_AGGRESSIVE;
				GCC_WARN_UNUSED_FUNCTION = YES;
				GCC_WARN_UNUSED_VARIABLE = YES;
				LOCALIZATION_PREFERS_STRING_CATALOGS = YES;
				MTL_ENABLE_DEBUG_INFO = INCLUDE_SOURCE;
				MTL_FAST_MATH = YES;
				ONLY_ACTIVE_ARCH = YES;
				SWIFT_ACTIVE_COMPILATION_CONDITIONS = "DEBUG $(inherited)";
				SWIFT_OPTIMIZATION_LEVEL = "-Onone";
			};
			name = Debug;
		};
		DDF3C6042F6D23CF0040640B /* Release */ = {
			isa = XCBuildConfiguration;
			buildSettings = {
				ALWAYS_SEARCH_USER_PATHS = NO;
				ASSETCATALOG_COMPILER_GENERATE_SWIFT_ASSET_SYMBOL_EXTENSIONS = YES;
				CLANG_ANALYZER_NONNULL = YES;
				CLANG_ANALYZER_NUMBER_OBJECT_CONVERSION = YES_AGGRESSIVE;
				CLANG_CXX_LANGUAGE_STANDARD = "gnu++20";
				CLANG_ENABLE_MODULES = YES;
				CLANG_ENABLE_OBJC_ARC = YES;
				CLANG_ENABLE_OBJC_WEAK = YES;
				CLANG_WARN_BLOCK_CAPTURE_AUTORELEASING = YES;
				CLANG_WARN_BOOL_CONVERSION = YES;
				CLANG_WARN_COMMA = YES;
				CLANG_WARN_CONSTANT_CONVERSION = YES;
				CLANG_WARN_DEPRECATED_OBJC_IMPLEMENTATIONS = YES;
				CLANG_WARN_DIRECT_OBJC_ISA_USAGE = YES_ERROR;
				CLANG_WARN_DOCUMENTATION_COMMENTS = YES;
				CLANG_WARN_EMPTY_BODY = YES;
				CLANG_WARN_ENUM_CONVERSION = YES;
				CLANG_WARN_INFINITE_RECURSION = YES;
				CLANG_WARN_INT_CONVERSION = YES;
				CLANG_WARN_NON_LITERAL_NULL_CONVERSION = YES;
				CLANG_WARN_OBJC_IMPLICIT_RETAIN_SELF = YES;
				CLANG_WARN_OBJC_LITERAL_CONVERSION = YES;
				CLANG_WARN_OBJC_ROOT_CLASS = YES_ERROR;
				CLANG_WARN_QUOTED_INCLUDE_IN_FRAMEWORK_HEADER = YES;
				CLANG_WARN_RANGE_LOOP_ANALYSIS = YES;
				CLANG_WARN_STRICT_PROTOTYPES = YES;
				CLANG_WARN_SUSPICIOUS_MOVE = YES;
				CLANG_WARN_UNGUARDED_AVAILABILITY = YES_AGGRESSIVE;
				CLANG_WARN_UNREACHABLE_CODE = YES;
				CLANG_WARN__DUPLICATE_METHOD_MATCH = YES;
				COPY_PHASE_STRIP = NO;
				DEBUG_INFORMATION_FORMAT = "dwarf-with-dsym";
				DEVELOPMENT_TEAM = "";
				ENABLE_NS_ASSERTIONS = NO;
				ENABLE_STRICT_OBJC_MSGSEND = YES;
				ENABLE_USER_SCRIPT_SANDBOXING = YES;
				GCC_C_LANGUAGE_STANDARD = gnu17;
				GCC_NO_COMMON_BLOCKS = YES;
				GCC_WARN_64_TO_32_BIT_CONVERSION = YES;
				GCC_WARN_ABOUT_RETURN_TYPE = YES_ERROR;
				GCC_WARN_UNDECLARED_SELECTOR = YES;
				GCC_WARN_UNINITIALIZED_AUTOS = YES_AGGRESSIVE;
				GCC_WARN_UNUSED_FUNCTION = YES;
				GCC_WARN_UNUSED_VARIABLE = YES;
				LOCALIZATION_PREFERS_STRING_CATALOGS = YES;
				MTL_ENABLE_DEBUG_INFO = NO;
				MTL_FAST_MATH = YES;
				SWIFT_COMPILATION_MODE = wholemodule;
			};
			name = Release;
		};
		DDF3C6062F6D23CF0040640B /* Debug */ = {
			isa = XCBuildConfiguration;
			buildSettings = {
				ASSETCATALOG_COMPILER_APPICON_NAME = AppIcon;
				ASSETCATALOG_COMPILER_GLOBAL_ACCENT_COLOR_NAME = AccentColor;
				"CODE_SIGN_ENTITLEMENTS[sdk=macosx*]" = "Quick Markdown Viewer/Quick_Markdown_Viewer.entitlements";
				CODE_SIGN_STYLE = Automatic;
				CURRENT_PROJECT_VERSION = 16;
				DEVELOPMENT_TEAM = GG34PA8F4A;
				ENABLE_APP_SANDBOX = YES;
				ENABLE_HARDENED_RUNTIME = YES;
				ENABLE_INCOMING_NETWORK_CONNECTIONS = NO;
				ENABLE_OUTGOING_NETWORK_CONNECTIONS = YES;
				ENABLE_PREVIEWS = YES;
				ENABLE_RESOURCE_ACCESS_AUDIO_INPUT = NO;
				ENABLE_RESOURCE_ACCESS_BLUETOOTH = NO;
				ENABLE_RESOURCE_ACCESS_CALENDARS = NO;
				ENABLE_RESOURCE_ACCESS_CAMERA = NO;
				ENABLE_RESOURCE_ACCESS_CONTACTS = NO;
				ENABLE_RESOURCE_ACCESS_LOCATION = NO;
				ENABLE_RESOURCE_ACCESS_PRINTING = NO;
				ENABLE_RESOURCE_ACCESS_USB = NO;
				ENABLE_USER_SELECTED_FILES = readwrite;
				GENERATE_INFOPLIST_FILE = YES;
				"GENERATE_INFOPLIST_FILE[sdk=macosx*]" = NO;
				INFOPLIST_KEY_CFBundleDisplayName = "Quick Markdown Viewer";
				"INFOPLIST_FILE[sdk=macosx*]" = "Info-macOS.plist";
				INFOPLIST_KEY_ITSAppUsesNonExemptEncryption = NO;
				INFOPLIST_KEY_LSApplicationCategoryType = "public.app-category.productivity";
				"INFOPLIST_KEY_LSApplicationCategoryType[sdk=macosx*]" = "public.app-category.productivity";
				"INFOPLIST_KEY_LSSupportsOpeningDocumentsInPlace[sdk=iphoneos*]" = YES;
				"INFOPLIST_KEY_LSSupportsOpeningDocumentsInPlace[sdk=iphonesimulator*]" = YES;
				INFOPLIST_KEY_NSHumanReadableCopyright = "Copyright © 2026 Matthew Moore";
				"INFOPLIST_KEY_UIApplicationSceneManifest_Generation[sdk=iphoneos*]" = YES;
				"INFOPLIST_KEY_UIApplicationSceneManifest_Generation[sdk=iphonesimulator*]" = YES;
				"INFOPLIST_KEY_UIApplicationSupportsIndirectInputEvents[sdk=iphoneos*]" = YES;
				"INFOPLIST_KEY_UIApplicationSupportsIndirectInputEvents[sdk=iphonesimulator*]" = YES;
				"INFOPLIST_KEY_UILaunchScreen_Generation[sdk=iphoneos*]" = YES;
				"INFOPLIST_KEY_UILaunchScreen_Generation[sdk=iphonesimulator*]" = YES;
				"INFOPLIST_KEY_UIStatusBarStyle[sdk=iphoneos*]" = UIStatusBarStyleDefault;
				"INFOPLIST_KEY_UIStatusBarStyle[sdk=iphonesimulator*]" = UIStatusBarStyleDefault;
				INFOPLIST_KEY_UISupportedInterfaceOrientations_iPad = "UIInterfaceOrientationPortrait UIInterfaceOrientationPortraitUpsideDown UIInterfaceOrientationLandscapeLeft UIInterfaceOrientationLandscapeRight";
				INFOPLIST_KEY_UISupportedInterfaceOrientations_iPhone = "UIInterfaceOrientationPortrait UIInterfaceOrientationLandscapeLeft UIInterfaceOrientationLandscapeRight";
				IPHONEOS_DEPLOYMENT_TARGET = 16.0;
				LD_RUNPATH_SEARCH_PATHS = "@executable_path/Frameworks";
				"LD_RUNPATH_SEARCH_PATHS[sdk=macosx*]" = "@executable_path/../Frameworks";
				MACOSX_DEPLOYMENT_TARGET = 13.0;
				MARKETING_VERSION = 1.7;
				PRODUCT_BUNDLE_IDENTIFIER = "com.souschefstudio.Free-Markdown-Viewer";
				PRODUCT_NAME = "$(TARGET_NAME)";
				REGISTER_APP_GROUPS = YES;
				SDKROOT = auto;
				STRING_CATALOG_GENERATE_SYMBOLS = YES;
				SUPPORTED_PLATFORMS = "iphoneos iphonesimulator macosx";
				SWIFT_APPROACHABLE_CONCURRENCY = YES;
				SWIFT_DEFAULT_ACTOR_ISOLATION = MainActor;
				SWIFT_EMIT_LOC_STRINGS = YES;
				SWIFT_UPCOMING_FEATURE_MEMBER_IMPORT_VISIBILITY = YES;
				SWIFT_VERSION = 5.0;
				TARGETED_DEVICE_FAMILY = "1,2";
			};
			name = Debug;
		};
		DDF3C6072F6D23CF0040640B /* Release */ = {
			isa = XCBuildConfiguration;
			buildSettings = {
				ASSETCATALOG_COMPILER_APPICON_NAME = AppIcon;
				ASSETCATALOG_COMPILER_GLOBAL_ACCENT_COLOR_NAME = AccentColor;
				"CODE_SIGN_ENTITLEMENTS[sdk=macosx*]" = "Quick Markdown Viewer/Quick_Markdown_Viewer.entitlements";
				CODE_SIGN_STYLE = Automatic;
				CURRENT_PROJECT_VERSION = 16;
				DEVELOPMENT_TEAM = GG34PA8F4A;
				ENABLE_APP_SANDBOX = YES;
				ENABLE_HARDENED_RUNTIME = YES;
				ENABLE_INCOMING_NETWORK_CONNECTIONS = NO;
				ENABLE_OUTGOING_NETWORK_CONNECTIONS = YES;
				ENABLE_PREVIEWS = YES;
				ENABLE_RESOURCE_ACCESS_AUDIO_INPUT = NO;
				ENABLE_RESOURCE_ACCESS_BLUETOOTH = NO;
				ENABLE_RESOURCE_ACCESS_CALENDARS = NO;
				ENABLE_RESOURCE_ACCESS_CAMERA = NO;
				ENABLE_RESOURCE_ACCESS_CONTACTS = NO;
				ENABLE_RESOURCE_ACCESS_LOCATION = NO;
				ENABLE_RESOURCE_ACCESS_PRINTING = NO;
				ENABLE_RESOURCE_ACCESS_USB = NO;
				ENABLE_USER_SELECTED_FILES = readwrite;
				GENERATE_INFOPLIST_FILE = YES;
				"GENERATE_INFOPLIST_FILE[sdk=macosx*]" = NO;
				INFOPLIST_KEY_CFBundleDisplayName = "Quick Markdown Viewer";
				"INFOPLIST_FILE[sdk=macosx*]" = "Info-macOS.plist";
				INFOPLIST_KEY_ITSAppUsesNonExemptEncryption = NO;
				INFOPLIST_KEY_LSApplicationCategoryType = "public.app-category.productivity";
				"INFOPLIST_KEY_LSApplicationCategoryType[sdk=macosx*]" = "public.app-category.productivity";
				"INFOPLIST_KEY_LSSupportsOpeningDocumentsInPlace[sdk=iphoneos*]" = YES;
				"INFOPLIST_KEY_LSSupportsOpeningDocumentsInPlace[sdk=iphonesimulator*]" = YES;
				INFOPLIST_KEY_NSHumanReadableCopyright = "Copyright © 2026 Matthew Moore";
				"INFOPLIST_KEY_UIApplicationSceneManifest_Generation[sdk=iphoneos*]" = YES;
				"INFOPLIST_KEY_UIApplicationSceneManifest_Generation[sdk=iphonesimulator*]" = YES;
				"INFOPLIST_KEY_UIApplicationSupportsIndirectInputEvents[sdk=iphoneos*]" = YES;
				"INFOPLIST_KEY_UIApplicationSupportsIndirectInputEvents[sdk=iphonesimulator*]" = YES;
				"INFOPLIST_KEY_UILaunchScreen_Generation[sdk=iphoneos*]" = YES;
				"INFOPLIST_KEY_UILaunchScreen_Generation[sdk=iphonesimulator*]" = YES;
				"INFOPLIST_KEY_UIStatusBarStyle[sdk=iphoneos*]" = UIStatusBarStyleDefault;
				"INFOPLIST_KEY_UIStatusBarStyle[sdk=iphonesimulator*]" = UIStatusBarStyleDefault;
				INFOPLIST_KEY_UISupportedInterfaceOrientations_iPad = "UIInterfaceOrientationPortrait UIInterfaceOrientationPortraitUpsideDown UIInterfaceOrientationLandscapeLeft UIInterfaceOrientationLandscapeRight";
				INFOPLIST_KEY_UISupportedInterfaceOrientations_iPhone = "UIInterfaceOrientationPortrait UIInterfaceOrientationLandscapeLeft UIInterfaceOrientationLandscapeRight";
				IPHONEOS_DEPLOYMENT_TARGET = 16.0;
				LD_RUNPATH_SEARCH_PATHS = "@executable_path/Frameworks";
				"LD_RUNPATH_SEARCH_PATHS[sdk=macosx*]" = "@executable_path/../Frameworks";
				MACOSX_DEPLOYMENT_TARGET = 13.0;
				MARKETING_VERSION = 1.7;
				PRODUCT_BUNDLE_IDENTIFIER = "com.souschefstudio.Free-Markdown-Viewer";
				PRODUCT_NAME = "$(TARGET_NAME)";
				REGISTER_APP_GROUPS = YES;
				SDKROOT = auto;
				STRING_CATALOG_GENERATE_SYMBOLS = YES;
				SUPPORTED_PLATFORMS = "iphoneos iphonesimulator macosx";
				SWIFT_APPROACHABLE_CONCURRENCY = YES;
				SWIFT_DEFAULT_ACTOR_ISOLATION = MainActor;
				SWIFT_EMIT_LOC_STRINGS = YES;
				SWIFT_UPCOMING_FEATURE_MEMBER_IMPORT_VISIBILITY = YES;
				SWIFT_VERSION = 5.0;
				TARGETED_DEVICE_FAMILY = "1,2";
			};
			name = Release;
		};
		DDF3C61B2F6E50000040640B /* Debug */ = {
			isa = XCBuildConfiguration;
			buildSettings = {
				APPLICATION_EXTENSION_API_ONLY = YES;
				CODE_SIGN_STYLE = Automatic;
				CURRENT_PROJECT_VERSION = 16;
				DEVELOPMENT_TEAM = GG34PA8F4A;
				ENABLE_APP_SANDBOX = YES;
				ENABLE_USER_SELECTED_FILES = readonly;
				GENERATE_INFOPLIST_FILE = NO;
				INFOPLIST_FILE = "QuickLookPreview-Info.plist";
				LD_RUNPATH_SEARCH_PATHS = (
					"$(inherited)",
					"@executable_path/../Frameworks",
					"@executable_path/../../../../Frameworks",
				);
				MACOSX_DEPLOYMENT_TARGET = 13.0;
				MARKETING_VERSION = 1.7;
				PRODUCT_BUNDLE_IDENTIFIER = "com.souschefstudio.Free-Markdown-Viewer.QuickLookPreview";
				PRODUCT_NAME = "$(TARGET_NAME)";
				SDKROOT = macosx;
				SKIP_INSTALL = YES;
				STRING_CATALOG_GENERATE_SYMBOLS = NO;
				SUPPORTED_PLATFORMS = macosx;
				SWIFT_APPROACHABLE_CONCURRENCY = YES;
				SWIFT_DEFAULT_ACTOR_ISOLATION = MainActor;
				SWIFT_EMIT_LOC_STRINGS = NO;
				SWIFT_UPCOMING_FEATURE_MEMBER_IMPORT_VISIBILITY = YES;
				SWIFT_VERSION = 5.0;
			};
			name = Debug;
		};
		DDF3C61C2F6E50000040640B /* Release */ = {
			isa = XCBuildConfiguration;
			buildSettings = {
				APPLICATION_EXTENSION_API_ONLY = YES;
				CODE_SIGN_STYLE = Automatic;
				CURRENT_PROJECT_VERSION = 16;
				DEVELOPMENT_TEAM = GG34PA8F4A;
				ENABLE_APP_SANDBOX = YES;
				ENABLE_USER_SELECTED_FILES = readonly;
				GENERATE_INFOPLIST_FILE = NO;
				INFOPLIST_FILE = "QuickLookPreview-Info.plist";
				LD_RUNPATH_SEARCH_PATHS = (
					"$(inherited)",
					"@executable_path/../Frameworks",
					"@executable_path/../../../../Frameworks",
				);
				MACOSX_DEPLOYMENT_TARGET = 13.0;
				MARKETING_VERSION = 1.7;
				PRODUCT_BUNDLE_IDENTIFIER = "com.souschefstudio.Free-Markdown-Viewer.QuickLookPreview";
				PRODUCT_NAME = "$(TARGET_NAME)";
				SDKROOT = macosx;
				SKIP_INSTALL = YES;
				STRING_CATALOG_GENERATE_SYMBOLS = NO;
				SUPPORTED_PLATFORMS = macosx;
				SWIFT_APPROACHABLE_CONCURRENCY = YES;
				SWIFT_DEFAULT_ACTOR_ISOLATION = MainActor;
				SWIFT_EMIT_LOC_STRINGS = NO;
				SWIFT_UPCOMING_FEATURE_MEMBER_IMPORT_VISIBILITY = YES;
				SWIFT_VERSION = 5.0;
			};
			name = Release;
		};
		DDF3C6092F6D23CF0040640B /* Debug */ = {
			isa = XCBuildConfiguration;
			buildSettings = {
				BUNDLE_LOADER = "$(TEST_HOST)";
				CODE_SIGN_STYLE = Automatic;
				CURRENT_PROJECT_VERSION = 16;
				DEVELOPMENT_TEAM = "";
				GENERATE_INFOPLIST_FILE = YES;
				IPHONEOS_DEPLOYMENT_TARGET = 16.0;
				MACOSX_DEPLOYMENT_TARGET = 13.0;
				MARKETING_VERSION = 1.7;
				PRODUCT_BUNDLE_IDENTIFIER = "com.matthewpaulmoore.Quick-Markdown-ViewerTests";
				PRODUCT_NAME = "$(TARGET_NAME)";
				SDKROOT = auto;
				STRING_CATALOG_GENERATE_SYMBOLS = NO;
				SUPPORTED_PLATFORMS = "iphoneos iphonesimulator macosx";
				SWIFT_APPROACHABLE_CONCURRENCY = YES;
				SWIFT_EMIT_LOC_STRINGS = NO;
				SWIFT_UPCOMING_FEATURE_MEMBER_IMPORT_VISIBILITY = YES;
				SWIFT_VERSION = 5.0;
				TARGETED_DEVICE_FAMILY = "1,2";
				TEST_HOST = "$(BUILT_PRODUCTS_DIR)/Quick Markdown Viewer.app/$(BUNDLE_EXECUTABLE_FOLDER_PATH)/Quick Markdown Viewer";
			};
			name = Debug;
		};
		DDF3C60A2F6D23CF0040640B /* Release */ = {
			isa = XCBuildConfiguration;
			buildSettings = {
				BUNDLE_LOADER = "$(TEST_HOST)";
				CODE_SIGN_STYLE = Automatic;
				CURRENT_PROJECT_VERSION = 16;
				DEVELOPMENT_TEAM = "";
				GENERATE_INFOPLIST_FILE = YES;
				IPHONEOS_DEPLOYMENT_TARGET = 16.0;
				MACOSX_DEPLOYMENT_TARGET = 13.0;
				MARKETING_VERSION = 1.7;
				PRODUCT_BUNDLE_IDENTIFIER = "com.matthewpaulmoore.Quick-Markdown-ViewerTests";
				PRODUCT_NAME = "$(TARGET_NAME)";
				SDKROOT = auto;
				STRING_CATALOG_GENERATE_SYMBOLS = NO;
				SUPPORTED_PLATFORMS = "iphoneos iphonesimulator macosx";
				SWIFT_APPROACHABLE_CONCURRENCY = YES;
				SWIFT_EMIT_LOC_STRINGS = NO;
				SWIFT_UPCOMING_FEATURE_MEMBER_IMPORT_VISIBILITY = YES;
				SWIFT_VERSION = 5.0;
				TARGETED_DEVICE_FAMILY = "1,2";
				TEST_HOST = "$(BUILT_PRODUCTS_DIR)/Quick Markdown Viewer.app/$(BUNDLE_EXECUTABLE_FOLDER_PATH)/Quick Markdown Viewer";
			};
			name = Release;
		};
		DDF3C60C2F6D23CF0040640B /* Debug */ = {
			isa = XCBuildConfiguration;
			buildSettings = {
				CODE_SIGN_STYLE = Automatic;
				CURRENT_PROJECT_VERSION = 16;
				DEVELOPMENT_TEAM = "";
				GENERATE_INFOPLIST_FILE = YES;
				IPHONEOS_DEPLOYMENT_TARGET = 16.0;
				MACOSX_DEPLOYMENT_TARGET = 13.0;
				MARKETING_VERSION = 1.7;
				PRODUCT_BUNDLE_IDENTIFIER = "com.matthewpaulmoore.Quick-Markdown-ViewerUITests";
				PRODUCT_NAME = "$(TARGET_NAME)";
				SDKROOT = auto;
				STRING_CATALOG_GENERATE_SYMBOLS = NO;
				SUPPORTED_PLATFORMS = "iphoneos iphonesimulator macosx";
				SWIFT_APPROACHABLE_CONCURRENCY = YES;
				SWIFT_EMIT_LOC_STRINGS = NO;
				SWIFT_UPCOMING_FEATURE_MEMBER_IMPORT_VISIBILITY = YES;
				SWIFT_VERSION = 5.0;
				TARGETED_DEVICE_FAMILY = "1,2";
				TEST_TARGET_NAME = "Quick Markdown Viewer";
			};
			name = Debug;
		};
		DDF3C60D2F6D23CF0040640B /* Release */ = {
			isa = XCBuildConfiguration;
			buildSettings = {
				CODE_SIGN_STYLE = Automatic;
				CURRENT_PROJECT_VERSION = 16;
				DEVELOPMENT_TEAM = "";
				GENERATE_INFOPLIST_FILE = YES;
				IPHONEOS_DEPLOYMENT_TARGET = 16.0;
				MACOSX_DEPLOYMENT_TARGET = 13.0;
				MARKETING_VERSION = 1.7;
				PRODUCT_BUNDLE_IDENTIFIER = "com.matthewpaulmoore.Quick-Markdown-ViewerUITests";
				PRODUCT_NAME = "$(TARGET_NAME)";
				SDKROOT = auto;
				STRING_CATALOG_GENERATE_SYMBOLS = NO;
				SUPPORTED_PLATFORMS = "iphoneos iphonesimulator macosx";
				SWIFT_APPROACHABLE_CONCURRENCY = YES;
				SWIFT_EMIT_LOC_STRINGS = NO;
				SWIFT_UPCOMING_FEATURE_MEMBER_IMPORT_VISIBILITY = YES;
				SWIFT_VERSION = 5.0;
				TARGETED_DEVICE_FAMILY = "1,2";
				TEST_TARGET_NAME = "Quick Markdown Viewer";
			};
			name = Release;
		};
/* End XCBuildConfiguration section */

/* Begin XCConfigurationList section */
		DDF3C5DF2F6D23CD0040640B /* Build configuration list for PBXProject "Quick Markdown Viewer" */ = {
			isa = XCConfigurationList;
			buildConfigurations = (
				DDF3C6032F6D23CF0040640B /* Debug */,
				DDF3C6042F6D23CF0040640B /* Release */,
			);
			defaultConfigurationIsVisible = 0;
			defaultConfigurationName = Release;
		};
		DDF3C6052F6D23CF0040640B /* Build configuration list for PBXNativeTarget "Quick Markdown Viewer" */ = {
			isa = XCConfigurationList;
			buildConfigurations = (
				DDF3C6062F6D23CF0040640B /* Debug */,
				DDF3C6072F6D23CF0040640B /* Release */,
			);
			defaultConfigurationIsVisible = 0;
			defaultConfigurationName = Release;
		};
		DDF3C61F2F6E50000040640B /* Build configuration list for PBXNativeTarget "Quick Markdown Viewer QuickLook" */ = {
			isa = XCConfigurationList;
			buildConfigurations = (
				DDF3C61B2F6E50000040640B /* Debug */,
				DDF3C61C2F6E50000040640B /* Release */,
			);
			defaultConfigurationIsVisible = 0;
			defaultConfigurationName = Release;
		};
		DDF3C6082F6D23CF0040640B /* Build configuration list for PBXNativeTarget "Quick Markdown ViewerTests" */ = {
			isa = XCConfigurationList;
			buildConfigurations = (
				DDF3C6092F6D23CF0040640B /* Debug */,
				DDF3C60A2F6D23CF0040640B /* Release */,
			);
			defaultConfigurationIsVisible = 0;
			defaultConfigurationName = Release;
		};
		DDF3C60B2F6D23CF0040640B /* Build configuration list for PBXNativeTarget "Quick Markdown ViewerUITests" */ = {
			isa = XCConfigurationList;
			buildConfigurations = (
				DDF3C60C2F6D23CF0040640B /* Debug */,
				DDF3C60D2F6D23CF0040640B /* Release */,
			);
			defaultConfigurationIsVisible = 0;
			defaultConfigurationName = Release;
		};
/* End XCConfigurationList section */

/* Begin XCLocalSwiftPackageReference section */
		A20000000000000000000002 /* XCLocalSwiftPackageReference "../Packages/TreeSitterGrammars" */ = {
			isa = XCLocalSwiftPackageReference;
			relativePath = ../Packages/TreeSitterGrammars;
		};
/* End XCLocalSwiftPackageReference section */

/* Begin XCRemoteSwiftPackageReference section */
		A20000000000000000000001 /* XCRemoteSwiftPackageReference "swift-tree-sitter" */ = {
			isa = XCRemoteSwiftPackageReference;
			repositoryURL = "https://github.com/tree-sitter/swift-tree-sitter";
			requirement = {
				branch = main;
				kind = branch;
			};
		};
/* End XCRemoteSwiftPackageReference section */

/* Begin XCSwiftPackageProductDependency section */
		A30000000000000000000001 /* SwiftTreeSitter */ = {
			isa = XCSwiftPackageProductDependency;
			package = A20000000000000000000001 /* XCRemoteSwiftPackageReference "swift-tree-sitter" */;
			productName = SwiftTreeSitter;
		};
		A30000000000000000000002 /* TreeSitterBash */ = {
			isa = XCSwiftPackageProductDependency;
			package = A20000000000000000000002 /* XCLocalSwiftPackageReference "../Packages/TreeSitterGrammars" */;
			productName = TreeSitterBash;
		};
		A30000000000000000000003 /* TreeSitterJSON */ = {
			isa = XCSwiftPackageProductDependency;
			package = A20000000000000000000002 /* XCLocalSwiftPackageReference "../Packages/TreeSitterGrammars" */;
			productName = TreeSitterJSON;
		};
		A30000000000000000000004 /* TreeSitterPython */ = {
			isa = XCSwiftPackageProductDependency;
			package = A20000000000000000000002 /* XCLocalSwiftPackageReference "../Packages/TreeSitterGrammars" */;
			productName = TreeSitterPython;
		};
		A30000000000000000000005 /* TreeSitterJavaScript */ = {
			isa = XCSwiftPackageProductDependency;
			package = A20000000000000000000002 /* XCLocalSwiftPackageReference "../Packages/TreeSitterGrammars" */;
			productName = TreeSitterJavaScript;
		};
		A30000000000000000000006 /* TreeSitterTypeScript */ = {
			isa = XCSwiftPackageProductDependency;
			package = A20000000000000000000002 /* XCLocalSwiftPackageReference "../Packages/TreeSitterGrammars" */;
			productName = TreeSitterTypeScript;
		};
		A30000000000000000000007 /* TreeSitterC */ = {
			isa = XCSwiftPackageProductDependency;
			package = A20000000000000000000002 /* XCLocalSwiftPackageReference "../Packages/TreeSitterGrammars" */;
			productName = TreeSitterC;
		};
		A30000000000000000000008 /* TreeSitterCPP */ = {
			isa = XCSwiftPackageProductDependency;
			package = A20000000000000000000002 /* XCLocalSwiftPackageReference "../Packages/TreeSitterGrammars" */;
			productName = TreeSitterCPP;
		};
		A30000000000000000000009 /* TreeSitterCSharp */ = {
			isa = XCSwiftPackageProductDependency;
			package = A20000000000000000000002 /* XCLocalSwiftPackageReference "../Packages/TreeSitterGrammars" */;
			productName = TreeSitterCSharp;
		};
		A3000000000000000000000A /* TreeSitterCSS */ = {
			isa = XCSwiftPackageProductDependency;
			package = A20000000000000000000002 /* XCLocalSwiftPackageReference "../Packages/TreeSitterGrammars" */;
			productName = TreeSitterCSS;
		};
		A3000000000000000000000B /* TreeSitterHTML */ = {
			isa = XCSwiftPackageProductDependency;
			package = A20000000000000000000002 /* XCLocalSwiftPackageReference "../Packages/TreeSitterGrammars" */;
			productName = TreeSitterHTML;
		};
		A3000000000000000000000C /* TreeSitterXML */ = {
			isa = XCSwiftPackageProductDependency;
			package = A20000000000000000000002 /* XCLocalSwiftPackageReference "../Packages/TreeSitterGrammars" */;
			productName = TreeSitterXML;
		};
		A3000000000000000000000D /* TreeSitterGo */ = {
			isa = XCSwiftPackageProductDependency;
			package = A20000000000000000000002 /* XCLocalSwiftPackageReference "../Packages/TreeSitterGrammars" */;
			productName = TreeSitterGo;
		};
		A3000000000000000000000E /* TreeSitterRegex */ = {
			isa = XCSwiftPackageProductDependency;
			package = A20000000000000000000002 /* XCLocalSwiftPackageReference "../Packages/TreeSitterGrammars" */;
			productName = TreeSitterRegex;
		};
		A3000000000000000000000F /* TreeSitterRuby */ = {
			isa = XCSwiftPackageProductDependency;
			package = A20000000000000000000002 /* XCLocalSwiftPackageReference "../Packages/TreeSitterGrammars" */;
			productName = TreeSitterRuby;
		};
		A30000000000000000000010 /* TreeSitterRust */ = {
			isa = XCSwiftPackageProductDependency;
			package = A20000000000000000000002 /* XCLocalSwiftPackageReference "../Packages/TreeSitterGrammars" */;
			productName = TreeSitterRust;
		};
		A30000000000000000000011 /* TreeSitterSwift */ = {
			isa = XCSwiftPackageProductDependency;
			package = A20000000000000000000002 /* XCLocalSwiftPackageReference "../Packages/TreeSitterGrammars" */;
			productName = TreeSitterSwift;
		};
/* End XCSwiftPackageProductDependency section */
	};
	rootObject = DDF3C5DC2F6D23CD0040640B /* Project object */;
}
